
Microsoft Visual Studio Solution File, Format Version 12.00
# Visual Studio 15
Project("{FAE04EC0-301F-11D3-BF4B-00C04F79EFBC}") = "Assembly-CSharp-Editor", "Assembly-CSharp-Editor.csproj", "{AFD1C345-67D6-A141-A9BA-CF612F2199C5}"
EndProject
Project("{FAE04EC0-301F-11D3-BF4B-00C04F79EFBC}") = "Assembly-CSharp", "Assembly-CSharp.csproj", "{EDD7EAB4-1FFA-7224-88E9-020C42DA52B2}"
EndProject
Global
	GlobalSection(SolutionConfigurationPlatforms) = preSolution
		Debug|Any CPU = Debug|Any CPU
		Release|Any CPU = Release|Any CPU
	EndGlobalSection
	GlobalSection(ProjectConfigurationPlatforms) = postSolution
		{AFD1C345-67D6-A141-A9BA-CF612F2199C5}.Debug|Any CPU.ActiveCfg = Debug|Any CPU
		{AFD1C345-67D6-A141-A9BA-CF612F2199C5}.Debug|Any CPU.Build.0 = Debug|Any CPU
		{AFD1C345-67D6-A141-A9BA-CF612F2199C5}.Release|Any CPU.ActiveCfg = Release|Any CPU
		{AFD1C345-67D6-A141-A9BA-CF612F2199C5}.Release|Any CPU.Build.0 = Release|Any CPU
		{EDD7EAB4-1FFA-7224-88E9-020C42DA52B2}.Debug|Any CPU.ActiveCfg = Debug|Any CPU
		{EDD7EAB4-1FFA-7224-88E9-020C42DA52B2}.Debug|Any CPU.Build.0 = Debug|Any CPU
		{EDD7EAB4-1FFA-7224-88E9-020C42DA52B2}.Release|Any CPU.ActiveCfg = Release|Any CPU
		{EDD7EAB4-1FFA-7224-88E9-020C42DA52B2}.Release|Any CPU.Build.0 = Release|Any CPU
	EndGlobalSection
	GlobalSection(SolutionProperties) = preSolution
		HideSolutionNode = FALSE
	EndGlobalSection
EndGlobal
